
Microsoft Visual Studio Solution File, Format Version 12.00
# Visual Studio Version 16
VisualStudioVersion = 16.0.30907.101
MinimumVisualStudioVersion = 10.0.40219.1
Project("{FAE04EC0-301F-11D3-BF4B-00C04F79EFBC}") = "Paint", "Paint\Paint.csproj", "{631BF93A-1618-4DF7-82AC-08C3067EA061}"
EndProject
Global
	GlobalSection(SolutionConfigurationPlatforms) = preSolution
		Debug|Any CPU = Debug|Any CPU
		Release|Any CPU = Release|Any CPU
	EndGlobalSection
	GlobalSection(ProjectConfigurationPlatforms) = postSolution
		{631BF93A-1618-4DF7-82AC-08C3067EA061}.Debug|Any CPU.ActiveCfg = Debug|Any CPU
		{631BF93A-1618-4DF7-82AC-08C3067EA061}.Debug|Any CPU.Build.0 = Debug|Any CPU
		{631BF93A-1618-4DF7-82AC-08C3067EA061}.Release|Any CPU.ActiveCfg = Release|Any CPU
		{631BF93A-1618-4DF7-82AC-08C3067EA061}.Release|Any CPU.Build.0 = Release|Any CPU
	EndGlobalSection
	GlobalSection(SolutionProperties) = preSolution
		HideSolutionNode = FALSE
	EndGlobalSection
	GlobalSection(ExtensibilityGlobals) = postSolution
		SolutionGuid = {15AAA527-78D3-4939-8A1C-4C7F2832B399}
	EndGlobalSection
EndGlobal
